
Microsoft Visual Studio Solution File, Format Version 12.00
# Visual Studio 14
VisualStudioVersion = 14.0.25420.1
MinimumVisualStudioVersion = 10.0.40219.1
Project("{FAE04EC0-301F-11D3-BF4B-00C04F79EFBC}") = "ErrorWindowSample", "ErrorWindowSample.csproj", "{6F371EB7-500F-427A-A9F3-16177F5778E9}"
EndProject
Global
	GlobalSection(SolutionConfigurationPlatforms) = preSolution
		Debug|Any CPU = Debug|Any CPU
		Release|Any CPU = Release|Any CPU
	EndGlobalSection
	GlobalSection(ProjectConfigurationPlatforms) = postSolution
		{6F371EB7-500F-427A-A9F3-16177F5778E9}.Debug|Any CPU.ActiveCfg = Debug|Any CPU
		{6F371EB7-500F-427A-A9F3-16177F5778E9}.Debug|Any CPU.Build.0 = Debug|Any CPU
		{6F371EB7-500F-427A-A9F3-16177F5778E9}.Release|Any CPU.ActiveCfg = Release|Any CPU
		{6F371EB7-500F-427A-A9F3-16177F5778E9}.Release|Any CPU.Build.0 = Release|Any CPU
	EndGlobalSection
	GlobalSection(SolutionProperties) = preSolution
		HideSolutionNode = FALSE
	EndGlobalSection
EndGlobal
